{
  "version": 4,
  "terraform_version": "0.12.24",
  "serial": 173,
  "lineage": "8d0822b8-6aa2-a752-c100-401b7d8c4d60",
  "outputs": {},
  "resources": [
    {
      "mode": "managed",
      "type": "google_compute_network",
      "name": "default",
      "provider": "provider.google",
      "instances": [
        {
          "schema_version": 0,
          "attributes": {
            "auto_create_subnetworks": true,
            "delete_default_routes_on_create": false,
            "description": "",
            "gateway_ipv4": "",
            "id": "projects/my-terra-project-9323/global/networks/terraform-network",
            "ipv4_range": null,
            "name": "terraform-network",
            "project": "my-terra-project-9323",
            "routing_mode": "REGIONAL",
            "self_link": "https://www.googleapis.com/compute/v1/projects/my-terra-project-9323/global/networks/terraform-network",
            "timeouts": null
          }
        }
      ]
    }
  ]
}
